// !$*UTF8*$!
{
	archiveVersion = 1;
	classes = {
	};
	objectVersion = 77;
	objects = {

/* Begin PBXBuildFile section */
		8B5C73C92D4F4C3E004EA780 /* SwiftSoup in Frameworks */ = {isa = PBXBuildFile; productRef = 8B5C73C82D4F4C3E004EA780 /* SwiftSoup */; };
		8B5C73E42D4FD2ED004EA780 /* SwiftSoup in Frameworks */ = {isa = PBXBuildFile; productRef = 8B5C73E32D4FD2ED004EA780 /* SwiftSoup */; };
		8BBBE1472DA248650055340A /* README.md in Resources */ = {isa = PBXBuildFile; fileRef = 8BBBE1462DA2485E0055340A /* README.md */; };
		8BCBF27E2D291E70009116F4 /* VMStart.framework in Frameworks */ = {isa = PBXBuildFile; fileRef = 8BCBF2732D291E70009116F4 /* VMStart.framework */; };
		8BD057832D5101D5009E92B8 /* Proc in Frameworks */ = {isa = PBXBuildFile; productRef = 8BD057822D5101D5009E92B8 /* Proc */; };
		8BD057852D5101D5009E92B8 /* ProcUtils in Frameworks */ = {isa = PBXBuildFile; productRef = 8BD057842D5101D5009E92B8 /* ProcUtils */; };
/* End PBXBuildFile section */

/* Begin PBXContainerItemProxy section */
		8BCBF27F2D291E70009116F4 /* PBXContainerItemProxy */ = {
			isa = PBXContainerItemProxy;
			containerPortal = 8BCBF26A2D291E70009116F4 /* Project object */;
			proxyType = 1;
			remoteGlobalIDString = 8BCBF2722D291E70009116F4;
			remoteInfo = VMStart;
		};
/* End PBXContainerItemProxy section */

/* Begin PBXFileReference section */
		8B60D6702D8F2F4E00867BA9 /* SwiftUI.framework */ = {isa = PBXFileReference; lastKnownFileType = wrapper.framework; name = SwiftUI.framework; path = System/Library/Frameworks/SwiftUI.framework; sourceTree = SDKROOT; };
		8BBBE1462DA2485E0055340A /* README.md */ = {isa = PBXFileReference; lastKnownFileType = net.daringfireball.markdown; path = README.md; sourceTree = "<group>"; };
		8BCBF2732D291E70009116F4 /* VMStart.framework */ = {isa = PBXFileReference; explicitFileType = wrapper.framework; includeInIndex = 0; path = VMStart.framework; sourceTree = BUILT_PRODUCTS_DIR; };
		8BCBF27D2D291E70009116F4 /* VMStartTests.xctest */ = {isa = PBXFileReference; explicitFileType = wrapper.cfbundle; includeInIndex = 0; path = VMStartTests.xctest; sourceTree = BUILT_PRODUCTS_DIR; };
		8BE79F292D7D550300B017B2 /* Progress.md */ = {isa = PBXFileReference; lastKnownFileType = net.daringfireball.markdown; path = Progress.md; sourceTree = "<group>"; };
		8BE79F3E2D7D5B6600B017B2 /* Example.app */ = {isa = PBXFileReference; explicitFileType = wrapper.application; includeInIndex = 0; path = Example.app; sourceTree = BUILT_PRODUCTS_DIR; };
/* End PBXFileReference section */

/* Begin PBXFileSystemSynchronizedBuildFileExceptionSet section */
		8BCBF2852D291E70009116F4 /* Exceptions for "VMStart" folder in "VMStart" target */ = {
			isa = PBXFileSystemSynchronizedBuildFileExceptionSet;
			publicHeaders = (
				VMStart.h,
			);
			target = 8BCBF2722D291E70009116F4 /* VMStart */;
		};
/* End PBXFileSystemSynchronizedBuildFileExceptionSet section */

/* Begin PBXFileSystemSynchronizedRootGroup section */
		8BCBF2752D291E70009116F4 /* VMStart */ = {
			isa = PBXFileSystemSynchronizedRootGroup;
			exceptions = (
				8BCBF2852D291E70009116F4 /* Exceptions for "VMStart" folder in "VMStart" target */,
			);
			path = VMStart;
			sourceTree = "<group>";
		};
		8BCBF2812D291E70009116F4 /* Tests */ = {
			isa = PBXFileSystemSynchronizedRootGroup;
			path = Tests;
			sourceTree = "<group>";
		};
		8BE79F3F2D7D5B6600B017B2 /* Example */ = {
			isa = PBXFileSystemSynchronizedRootGroup;
			path = Example;
			sourceTree = "<group>";
		};
/* End PBXFileSystemSynchronizedRootGroup section */

/* Begin PBXFrameworksBuildPhase section */
		8BCBF2702D291E70009116F4 /* Frameworks */ = {
			isa = PBXFrameworksBuildPhase;
			buildActionMask = 2147483647;
			files = (
				8B5C73E42D4FD2ED004EA780 /* SwiftSoup in Frameworks */,
			);
			runOnlyForDeploymentPostprocessing = 0;
		};
		8BCBF27A2D291E70009116F4 /* Frameworks */ = {
			isa = PBXFrameworksBuildPhase;
			buildActionMask = 2147483647;
			files = (
				8BCBF27E2D291E70009116F4 /* VMStart.framework in Frameworks */,
				8B5C73C92D4F4C3E004EA780 /* SwiftSoup in Frameworks */,
				8BD057852D5101D5009E92B8 /* ProcUtils in Frameworks */,
				8BD057832D5101D5009E92B8 /* Proc in Frameworks */,
			);
			runOnlyForDeploymentPostprocessing = 0;
		};
		8BE79F3B2D7D5B6600B017B2 /* Frameworks */ = {
			isa = PBXFrameworksBuildPhase;
			buildActionMask = 2147483647;
			files = (
			);
			runOnlyForDeploymentPostprocessing = 0;
		};
/* End PBXFrameworksBuildPhase section */

/* Begin PBXGroup section */
		8B5C73F02D4FDEDD004EA780 /* Frameworks */ = {
			isa = PBXGroup;
			children = (
				8B60D6702D8F2F4E00867BA9 /* SwiftUI.framework */,
			);
			name = Frameworks;
			sourceTree = "<group>";
		};
		8BCBF2692D291E70009116F4 = {
			isa = PBXGroup;
			children = (
				8BCBF2752D291E70009116F4 /* VMStart */,
				8BCBF2812D291E70009116F4 /* Tests */,
				8BE79F3F2D7D5B6600B017B2 /* Example */,
				8B5C73F02D4FDEDD004EA780 /* Frameworks */,
				8BE79F292D7D550300B017B2 /* Progress.md */,
				8BBBE1462DA2485E0055340A /* README.md */,
				8BCBF2742D291E70009116F4 /* Products */,
			);
			sourceTree = "<group>";
		};
		8BCBF2742D291E70009116F4 /* Products */ = {
			isa = PBXGroup;
			children = (
				8BCBF2732D291E70009116F4 /* VMStart.framework */,
				8BCBF27D2D291E70009116F4 /* VMStartTests.xctest */,
				8BE79F3E2D7D5B6600B017B2 /* Example.app */,
			);
			name = Products;
			sourceTree = "<group>";
		};
/* End PBXGroup section */

/* Begin PBXHeadersBuildPhase section */
		8BCBF26E2D291E70009116F4 /* Headers */ = {
			isa = PBXHeadersBuildPhase;
			buildActionMask = 2147483647;
			files = (
			);
			runOnlyForDeploymentPostprocessing = 0;
		};
/* End PBXHeadersBuildPhase section */

/* Begin PBXNativeTarget section */
		8BCBF2722D291E70009116F4 /* VMStart */ = {
			isa = PBXNativeTarget;
			buildConfigurationList = 8BCBF2862D291E70009116F4 /* Build configuration list for PBXNativeTarget "VMStart" */;
			buildPhases = (
				8BCBF26E2D291E70009116F4 /* Headers */,
				8BCBF26F2D291E70009116F4 /* Sources */,
				8BCBF2702D291E70009116F4 /* Frameworks */,
				8BCBF2712D291E70009116F4 /* Resources */,
			);
			buildRules = (
			);
			dependencies = (
			);
			fileSystemSynchronizedGroups = (
				8BCBF2752D291E70009116F4 /* VMStart */,
			);
			name = VMStart;
			packageProductDependencies = (
				8B5C73E32D4FD2ED004EA780 /* SwiftSoup */,
			);
			productName = VMStart;
			productReference = 8BCBF2732D291E70009116F4 /* VMStart.framework */;
			productType = "com.apple.product-type.framework";
		};
		8BCBF27C2D291E70009116F4 /* VMStartTests */ = {
			isa = PBXNativeTarget;
			buildConfigurationList = 8BCBF28B2D291E70009116F4 /* Build configuration list for PBXNativeTarget "VMStartTests" */;
			buildPhases = (
				8BCBF2792D291E70009116F4 /* Sources */,
				8BCBF27A2D291E70009116F4 /* Frameworks */,
				8BCBF27B2D291E70009116F4 /* Resources */,
			);
			buildRules = (
			);
			dependencies = (
				8BCBF2802D291E70009116F4 /* PBXTargetDependency */,
			);
			fileSystemSynchronizedGroups = (
				8BCBF2812D291E70009116F4 /* Tests */,
			);
			name = VMStartTests;
			packageProductDependencies = (
				8B5C73C82D4F4C3E004EA780 /* SwiftSoup */,
				8BD057822D5101D5009E92B8 /* Proc */,
				8BD057842D5101D5009E92B8 /* ProcUtils */,
			);
			productName = VMStartTests;
			productReference = 8BCBF27D2D291E70009116F4 /* VMStartTests.xctest */;
			productType = "com.apple.product-type.bundle.unit-test";
		};
		8BE79F3D2D7D5B6600B017B2 /* Example */ = {
			isa = PBXNativeTarget;
			buildConfigurationList = 8BE79F4A2D7D5B6800B017B2 /* Build configuration list for PBXNativeTarget "Example" */;
			buildPhases = (
				8BE79F3A2D7D5B6600B017B2 /* Sources */,
				8BE79F3B2D7D5B6600B017B2 /* Frameworks */,
				8BE79F3C2D7D5B6600B017B2 /* Resources */,
			);
			buildRules = (
			);
			dependencies = (
			);
			fileSystemSynchronizedGroups = (
				8BE79F3F2D7D5B6600B017B2 /* Example */,
			);
			name = Example;
			packageProductDependencies = (
			);
			productName = Example;
			productReference = 8BE79F3E2D7D5B6600B017B2 /* Example.app */;
			productType = "com.apple.product-type.application";
		};
/* End PBXNativeTarget section */

/* Begin PBXProject section */
		8BCBF26A2D291E70009116F4 /* Project object */ = {
			isa = PBXProject;
			attributes = {
				BuildIndependentTargetsInParallel = 1;
				LastSwiftUpdateCheck = 1620;
				LastUpgradeCheck = 1620;
				TargetAttributes = {
					8BCBF2722D291E70009116F4 = {
						CreatedOnToolsVersion = 16.2;
					};
					8BCBF27C2D291E70009116F4 = {
						CreatedOnToolsVersion = 16.2;
						LastSwiftMigration = 1620;
					};
					8BE79F3D2D7D5B6600B017B2 = {
						CreatedOnToolsVersion = 16.2;
					};
				};
			};
			buildConfigurationList = 8BCBF26D2D291E70009116F4 /* Build configuration list for PBXProject "VMStart" */;
			developmentRegion = en;
			hasScannedForEncodings = 0;
			knownRegions = (
				en,
				Base,
			);
			mainGroup = 8BCBF2692D291E70009116F4;
			minimizedProjectReferenceProxies = 1;
			packageReferences = (
				8B5C73C72D4F4C3E004EA780 /* XCRemoteSwiftPackageReference "SwiftSoup" */,
				8BD057812D5101D5009E92B8 /* XCRemoteSwiftPackageReference "libproc-swift" */,
			);
			preferredProjectObjectVersion = 77;
			productRefGroup = 8BCBF2742D291E70009116F4 /* Products */;
			projectDirPath = "";
			projectRoot = "";
			targets = (
				8BCBF2722D291E70009116F4 /* VMStart */,
				8BCBF27C2D291E70009116F4 /* VMStartTests */,
				8BE79F3D2D7D5B6600B017B2 /* Example */,
			);
		};
/* End PBXProject section */

/* Begin PBXResourcesBuildPhase section */
		8BCBF2712D291E70009116F4 /* Resources */ = {
			isa = PBXResourcesBuildPhase;
			buildActionMask = 2147483647;
			files = (
			);
			runOnlyForDeploymentPostprocessing = 0;
		};
		8BCBF27B2D291E70009116F4 /* Resources */ = {
			isa = PBXResourcesBuildPhase;
			buildActionMask = 2147483647;
			files = (
			);
			runOnlyForDeploymentPostprocessing = 0;
		};
		8BE79F3C2D7D5B6600B017B2 /* Resources */ = {
			isa = PBXResourcesBuildPhase;
			buildActionMask = 2147483647;
			files = (
				8BBBE1472DA248650055340A /* README.md in Resources */,
			);
			runOnlyForDeploymentPostprocessing = 0;
		};
/* End PBXResourcesBuildPhase section */

/* Begin PBXSourcesBuildPhase section */
		8BCBF26F2D291E70009116F4 /* Sources */ = {
			isa = PBXSourcesBuildPhase;
			buildActionMask = 2147483647;
			files = (
			);
			runOnlyForDeploymentPostprocessing = 0;
		};
		8BCBF2792D291E70009116F4 /* Sources */ = {
			isa = PBXSourcesBuildPhase;
			buildActionMask = 2147483647;
			files = (
			);
			runOnlyForDeploymentPostprocessing = 0;
		};
		8BE79F3A2D7D5B6600B017B2 /* Sources */ = {
			isa = PBXSourcesBuildPhase;
			buildActionMask = 2147483647;
			files = (
			);
			runOnlyForDeploymentPostprocessing = 0;
		};
/* End PBXSourcesBuildPhase section */

/* Begin PBXTargetDependency section */
		8BCBF2802D291E70009116F4 /* PBXTargetDependency */ = {
			isa = PBXTargetDependency;
			target = 8BCBF2722D291E70009116F4 /* VMStart */;
			targetProxy = 8BCBF27F2D291E70009116F4 /* PBXContainerItemProxy */;
		};
/* End PBXTargetDependency section */

/* Begin XCBuildConfiguration section */
		8BCBF2872D291E70009116F4 /* Debug */ = {
			isa = XCBuildConfiguration;
			buildSettings = {
				BUILD_LIBRARY_FOR_DISTRIBUTION = YES;
				CODE_SIGN_STYLE = Automatic;
				COMBINE_HIDPI_IMAGES = YES;
				CURRENT_PROJECT_VERSION = 1;
				DEFINES_MODULE = YES;
				DEVELOPMENT_TEAM = 6Y3A82B3W6;
				DYLIB_COMPATIBILITY_VERSION = 1;
				DYLIB_CURRENT_VERSION = 1;
				DYLIB_INSTALL_NAME_BASE = "@rpath";
				ENABLE_MODULE_VERIFIER = YES;
				GENERATE_INFOPLIST_FILE = YES;
				INFOPLIST_KEY_NSHumanReadableCopyright = "";
				INSTALL_PATH = "$(LOCAL_LIBRARY_DIR)/Frameworks";
				LD_RUNPATH_SEARCH_PATHS = (
					"$(inherited)",
					"@executable_path/../Frameworks",
					"@loader_path/Frameworks",
				);
				MACH_O_TYPE = staticlib;
				MARKETING_VERSION = 1.0;
				MODULE_VERIFIER_SUPPORTED_LANGUAGES = "objective-c objective-c++";
				MODULE_VERIFIER_SUPPORTED_LANGUAGE_STANDARDS = "gnu17 gnu++20";
				PRODUCT_BUNDLE_IDENTIFIER = io.github.andeibuite.VMStart;
				PRODUCT_NAME = "$(TARGET_NAME:c99extidentifier)";
				RUN_DOCUMENTATION_COMPILER = NO;
				SKIP_INSTALL = YES;
				SWIFT_EMIT_LOC_STRINGS = YES;
				SWIFT_INSTALL_OBJC_HEADER = NO;
				SWIFT_VERSION = 5.0;
			};
			name = Debug;
		};
		8BCBF2882D291E70009116F4 /* Release */ = {
			isa = XCBuildConfiguration;
			buildSettings = {
				BUILD_LIBRARY_FOR_DISTRIBUTION = YES;
				CODE_SIGN_STYLE = Automatic;
				COMBINE_HIDPI_IMAGES = YES;
				CURRENT_PROJECT_VERSION = 1;
				DEFINES_MODULE = YES;
				DEVELOPMENT_TEAM = 6Y3A82B3W6;
				DYLIB_COMPATIBILITY_VERSION = 1;
				DYLIB_CURRENT_VERSION = 1;
				DYLIB_INSTALL_NAME_BASE = "@rpath";
				ENABLE_MODULE_VERIFIER = YES;
				GENERATE_INFOPLIST_FILE = YES;
				INFOPLIST_KEY_NSHumanReadableCopyright = "";
				INSTALL_PATH = "$(LOCAL_LIBRARY_DIR)/Frameworks";
				LD_RUNPATH_SEARCH_PATHS = (
					"$(inherited)",
					"@executable_path/../Frameworks",
					"@loader_path/Frameworks",
				);
				MACH_O_TYPE = staticlib;
				MARKETING_VERSION = 1.0;
				MODULE_VERIFIER_SUPPORTED_LANGUAGES = "objective-c objective-c++";
				MODULE_VERIFIER_SUPPORTED_LANGUAGE_STANDARDS = "gnu17 gnu++20";
				PRODUCT_BUNDLE_IDENTIFIER = io.github.andeibuite.VMStart;
				PRODUCT_NAME = "$(TARGET_NAME:c99extidentifier)";
				RUN_DOCUMENTATION_COMPILER = NO;
				SKIP_INSTALL = YES;
				SWIFT_EMIT_LOC_STRINGS = YES;
				SWIFT_INSTALL_OBJC_HEADER = NO;
				SWIFT_VERSION = 5.0;
			};
			name = Release;
		};
		8BCBF2892D291E70009116F4 /* Debug */ = {
			isa = XCBuildConfiguration;
			buildSettings = {
				ALWAYS_SEARCH_USER_PATHS = NO;
				ASSETCATALOG_COMPILER_GENERATE_SWIFT_ASSET_SYMBOL_EXTENSIONS = YES;
				CLANG_ANALYZER_NONNULL = YES;
				CLANG_ANALYZER_NUMBER_OBJECT_CONVERSION = YES_AGGRESSIVE;
				CLANG_CXX_LANGUAGE_STANDARD = "gnu++20";
				CLANG_ENABLE_MODULES = YES;
				CLANG_ENABLE_OBJC_ARC = YES;
				CLANG_ENABLE_OBJC_WEAK = YES;
				CLANG_WARN_BLOCK_CAPTURE_AUTORELEASING = YES;
				CLANG_WARN_BOOL_CONVERSION = YES;
				CLANG_WARN_COMMA = YES;
				CLANG_WARN_CONSTANT_CONVERSION = YES;
				CLANG_WARN_DEPRECATED_OBJC_IMPLEMENTATIONS = YES;
				CLANG_WARN_DIRECT_OBJC_ISA_USAGE = YES_ERROR;
				CLANG_WARN_DOCUMENTATION_COMMENTS = YES;
				CLANG_WARN_EMPTY_BODY = YES;
				CLANG_WARN_ENUM_CONVERSION = YES;
				CLANG_WARN_INFINITE_RECURSION = YES;
				CLANG_WARN_INT_CONVERSION = YES;
				CLANG_WARN_NON_LITERAL_NULL_CONVERSION = YES;
				CLANG_WARN_OBJC_IMPLICIT_RETAIN_SELF = YES;
				CLANG_WARN_OBJC_LITERAL_CONVERSION = YES;
				CLANG_WARN_OBJC_ROOT_CLASS = YES_ERROR;
				CLANG_WARN_QUOTED_INCLUDE_IN_FRAMEWORK_HEADER = YES;
				CLANG_WARN_RANGE_LOOP_ANALYSIS = YES;
				CLANG_WARN_STRICT_PROTOTYPES = YES;
				CLANG_WARN_SUSPICIOUS_MOVE = YES;
				CLANG_WARN_UNGUARDED_AVAILABILITY = YES_AGGRESSIVE;
				CLANG_WARN_UNREACHABLE_CODE = YES;
				CLANG_WARN__DUPLICATE_METHOD_MATCH = YES;
				COPY_PHASE_STRIP = NO;
				CURRENT_PROJECT_VERSION = 1;
				DEBUG_INFORMATION_FORMAT = dwarf;
				ENABLE_STRICT_OBJC_MSGSEND = YES;
				ENABLE_TESTABILITY = YES;
				ENABLE_USER_SCRIPT_SANDBOXING = YES;
				GCC_C_LANGUAGE_STANDARD = gnu17;
				GCC_DYNAMIC_NO_PIC = NO;
				GCC_NO_COMMON_BLOCKS = YES;
				GCC_OPTIMIZATION_LEVEL = 0;
				GCC_PREPROCESSOR_DEFINITIONS = (
					"DEBUG=1",
					"$(inherited)",
				);
				GCC_WARN_64_TO_32_BIT_CONVERSION = YES;
				GCC_WARN_ABOUT_RETURN_TYPE = YES_ERROR;
				GCC_WARN_UNDECLARED_SELECTOR = YES;
				GCC_WARN_UNINITIALIZED_AUTOS = YES_AGGRESSIVE;
				GCC_WARN_UNUSED_FUNCTION = YES;
				GCC_WARN_UNUSED_VARIABLE = YES;
				LOCALIZATION_PREFERS_STRING_CATALOGS = YES;
				MACOSX_DEPLOYMENT_TARGET = 14.7;
				MTL_ENABLE_DEBUG_INFO = INCLUDE_SOURCE;
				MTL_FAST_MATH = YES;
				ONLY_ACTIVE_ARCH = YES;
				SDKROOT = macosx;
				SWIFT_ACTIVE_COMPILATION_CONDITIONS = "DEBUG $(inherited)";
				SWIFT_OPTIMIZATION_LEVEL = "-Onone";
				VERSIONING_SYSTEM = "apple-generic";
				VERSION_INFO_PREFIX = "";
			};
			name = Debug;
		};
		8BCBF28A2D291E70009116F4 /* Release */ = {
			isa = XCBuildConfiguration;
			buildSettings = {
				ALWAYS_SEARCH_USER_PATHS = NO;
				ASSETCATALOG_COMPILER_GENERATE_SWIFT_ASSET_SYMBOL_EXTENSIONS = YES;
				CLANG_ANALYZER_NONNULL = YES;
				CLANG_ANALYZER_NUMBER_OBJECT_CONVERSION = YES_AGGRESSIVE;
				CLANG_CXX_LANGUAGE_STANDARD = "gnu++20";
				CLANG_ENABLE_MODULES = YES;
				CLANG_ENABLE_OBJC_ARC = YES;
				CLANG_ENABLE_OBJC_WEAK = YES;
				CLANG_WARN_BLOCK_CAPTURE_AUTORELEASING = YES;
				CLANG_WARN_BOOL_CONVERSION = YES;
				CLANG_WARN_COMMA = YES;
				CLANG_WARN_CONSTANT_CONVERSION = YES;
				CLANG_WARN_DEPRECATED_OBJC_IMPLEMENTATIONS = YES;
				CLANG_WARN_DIRECT_OBJC_ISA_USAGE = YES_ERROR;
				CLANG_WARN_DOCUMENTATION_COMMENTS = YES;
				CLANG_WARN_EMPTY_BODY = YES;
				CLANG_WARN_ENUM_CONVERSION = YES;
				CLANG_WARN_INFINITE_RECURSION = YES;
				CLANG_WARN_INT_CONVERSION = YES;
				CLANG_WARN_NON_LITERAL_NULL_CONVERSION = YES;
				CLANG_WARN_OBJC_IMPLICIT_RETAIN_SELF = YES;
				CLANG_WARN_OBJC_LITERAL_CONVERSION = YES;
				CLANG_WARN_OBJC_ROOT_CLASS = YES_ERROR;
				CLANG_WARN_QUOTED_INCLUDE_IN_FRAMEWORK_HEADER = YES;
				CLANG_WARN_RANGE_LOOP_ANALYSIS = YES;
				CLANG_WARN_STRICT_PROTOTYPES = YES;
				CLANG_WARN_SUSPICIOUS_MOVE = YES;
				CLANG_WARN_UNGUARDED_AVAILABILITY = YES_AGGRESSIVE;
				CLANG_WARN_UNREACHABLE_CODE = YES;
				CLANG_WARN__DUPLICATE_METHOD_MATCH = YES;
				COPY_PHASE_STRIP = NO;
				CURRENT_PROJECT_VERSION = 1;
				DEBUG_INFORMATION_FORMAT = "dwarf-with-dsym";
				ENABLE_NS_ASSERTIONS = NO;
				ENABLE_STRICT_OBJC_MSGSEND = YES;
				ENABLE_USER_SCRIPT_SANDBOXING = YES;
				GCC_C_LANGUAGE_STANDARD = gnu17;
				GCC_NO_COMMON_BLOCKS = YES;
				GCC_WARN_64_TO_32_BIT_CONVERSION = YES;
				GCC_WARN_ABOUT_RETURN_TYPE = YES_ERROR;
				GCC_WARN_UNDECLARED_SELECTOR = YES;
				GCC_WARN_UNINITIALIZED_AUTOS = YES_AGGRESSIVE;
				GCC_WARN_UNUSED_FUNCTION = YES;
				GCC_WARN_UNUSED_VARIABLE = YES;
				LOCALIZATION_PREFERS_STRING_CATALOGS = YES;
				MACOSX_DEPLOYMENT_TARGET = 14.7;
				MTL_ENABLE_DEBUG_INFO = NO;
				MTL_FAST_MATH = YES;
				SDKROOT = macosx;
				SWIFT_COMPILATION_MODE = wholemodule;
				VERSIONING_SYSTEM = "apple-generic";
				VERSION_INFO_PREFIX = "";
			};
			name = Release;
		};
		8BCBF28C2D291E70009116F4 /* Debug */ = {
			isa = XCBuildConfiguration;
			buildSettings = {
				CLANG_ENABLE_MODULES = YES;
				CODE_SIGN_STYLE = Automatic;
				CURRENT_PROJECT_VERSION = 1;
				DEVELOPMENT_TEAM = 6Y3A82B3W6;
				GENERATE_INFOPLIST_FILE = YES;
				MARKETING_VERSION = 1.0;
				PRODUCT_BUNDLE_IDENTIFIER = io.github.andeibuite.VMStartTests;
				PRODUCT_NAME = "$(TARGET_NAME)";
				SWIFT_EMIT_LOC_STRINGS = NO;
				SWIFT_OPTIMIZATION_LEVEL = "-Onone";
				SWIFT_VERSION = 5.0;
			};
			name = Debug;
		};
		8BCBF28D2D291E70009116F4 /* Release */ = {
			isa = XCBuildConfiguration;
			buildSettings = {
				CLANG_ENABLE_MODULES = YES;
				CODE_SIGN_STYLE = Automatic;
				CURRENT_PROJECT_VERSION = 1;
				DEVELOPMENT_TEAM = 6Y3A82B3W6;
				GENERATE_INFOPLIST_FILE = YES;
				MARKETING_VERSION = 1.0;
				PRODUCT_BUNDLE_IDENTIFIER = io.github.andeibuite.VMStartTests;
				PRODUCT_NAME = "$(TARGET_NAME)";
				SWIFT_EMIT_LOC_STRINGS = NO;
				SWIFT_VERSION = 5.0;
			};
			name = Release;
		};
		8BE79F4B2D7D5B6800B017B2 /* Debug */ = {
			isa = XCBuildConfiguration;
			buildSettings = {
				ASSETCATALOG_COMPILER_APPICON_NAME = AppIcon;
				ASSETCATALOG_COMPILER_GLOBAL_ACCENT_COLOR_NAME = AccentColor;
				CODE_SIGN_ENTITLEMENTS = Example/Example.entitlements;
				CODE_SIGN_STYLE = Automatic;
				COMBINE_HIDPI_IMAGES = YES;
				CURRENT_PROJECT_VERSION = 1;
				DEVELOPMENT_ASSET_PATHS = "\"Example/Preview Content\"";
				DEVELOPMENT_TEAM = 6Y3A82B3W6;
				ENABLE_HARDENED_RUNTIME = YES;
				ENABLE_PREVIEWS = YES;
				GENERATE_INFOPLIST_FILE = YES;
				INFOPLIST_KEY_NSHumanReadableCopyright = "";
				LD_RUNPATH_SEARCH_PATHS = (
					"$(inherited)",
					"@executable_path/../Frameworks",
				);
				MARKETING_VERSION = 1.0;
				PRODUCT_BUNDLE_IDENTIFIER = io.github.andeibuite.Example;
				PRODUCT_NAME = "$(TARGET_NAME)";
				SWIFT_EMIT_LOC_STRINGS = YES;
				SWIFT_VERSION = 5.0;
			};
			name = Debug;
		};
		8BE79F4C2D7D5B6800B017B2 /* Release */ = {
			isa = XCBuildConfiguration;
			buildSettings = {
				ASSETCATALOG_COMPILER_APPICON_NAME = AppIcon;
				ASSETCATALOG_COMPILER_GLOBAL_ACCENT_COLOR_NAME = AccentColor;
				CODE_SIGN_ENTITLEMENTS = Example/Example.entitlements;
				CODE_SIGN_STYLE = Automatic;
				COMBINE_HIDPI_IMAGES = YES;
				CURRENT_PROJECT_VERSION = 1;
				DEVELOPMENT_ASSET_PATHS = "\"Example/Preview Content\"";
				DEVELOPMENT_TEAM = 6Y3A82B3W6;
				ENABLE_HARDENED_RUNTIME = YES;
				ENABLE_PREVIEWS = YES;
				GENERATE_INFOPLIST_FILE = YES;
				INFOPLIST_KEY_NSHumanReadableCopyright = "";
				LD_RUNPATH_SEARCH_PATHS = (
					"$(inherited)",
					"@executable_path/../Frameworks",
				);
				MARKETING_VERSION = 1.0;
				PRODUCT_BUNDLE_IDENTIFIER = io.github.andeibuite.Example;
				PRODUCT_NAME = "$(TARGET_NAME)";
				SWIFT_EMIT_LOC_STRINGS = YES;
				SWIFT_VERSION = 5.0;
			};
			name = Release;
		};
/* End XCBuildConfiguration section */

/* Begin XCConfigurationList section */
		8BCBF26D2D291E70009116F4 /* Build configuration list for PBXProject "VMStart" */ = {
			isa = XCConfigurationList;
			buildConfigurations = (
				8BCBF2892D291E70009116F4 /* Debug */,
				8BCBF28A2D291E70009116F4 /* Release */,
			);
			defaultConfigurationIsVisible = 0;
			defaultConfigurationName = Release;
		};
		8BCBF2862D291E70009116F4 /* Build configuration list for PBXNativeTarget "VMStart" */ = {
			isa = XCConfigurationList;
			buildConfigurations = (
				8BCBF2872D291E70009116F4 /* Debug */,
				8BCBF2882D291E70009116F4 /* Release */,
			);
			defaultConfigurationIsVisible = 0;
			defaultConfigurationName = Release;
		};
		8BCBF28B2D291E70009116F4 /* Build configuration list for PBXNativeTarget "VMStartTests" */ = {
			isa = XCConfigurationList;
			buildConfigurations = (
				8BCBF28C2D291E70009116F4 /* Debug */,
				8BCBF28D2D291E70009116F4 /* Release */,
			);
			defaultConfigurationIsVisible = 0;
			defaultConfigurationName = Release;
		};
		8BE79F4A2D7D5B6800B017B2 /* Build configuration list for PBXNativeTarget "Example" */ = {
			isa = XCConfigurationList;
			buildConfigurations = (
				8BE79F4B2D7D5B6800B017B2 /* Debug */,
				8BE79F4C2D7D5B6800B017B2 /* Release */,
			);
			defaultConfigurationIsVisible = 0;
			defaultConfigurationName = Release;
		};
/* End XCConfigurationList section */

/* Begin XCRemoteSwiftPackageReference section */
		8B5C73C72D4F4C3E004EA780 /* XCRemoteSwiftPackageReference "SwiftSoup" */ = {
			isa = XCRemoteSwiftPackageReference;
			repositoryURL = "https://github.com/scinfu/SwiftSoup";
			requirement = {
				kind = upToNextMajorVersion;
				minimumVersion = 2.7.7;
			};
		};
		8BD057812D5101D5009E92B8 /* XCRemoteSwiftPackageReference "libproc-swift" */ = {
			isa = XCRemoteSwiftPackageReference;
			repositoryURL = "https://github.com/x13a/libproc-swift";
			requirement = {
				kind = upToNextMajorVersion;
				minimumVersion = 0.1.7;
			};
		};
/* End XCRemoteSwiftPackageReference section */

/* Begin XCSwiftPackageProductDependency section */
		8B5C73C82D4F4C3E004EA780 /* SwiftSoup */ = {
			isa = XCSwiftPackageProductDependency;
			package = 8B5C73C72D4F4C3E004EA780 /* XCRemoteSwiftPackageReference "SwiftSoup" */;
			productName = SwiftSoup;
		};
		8B5C73E32D4FD2ED004EA780 /* SwiftSoup */ = {
			isa = XCSwiftPackageProductDependency;
			package = 8B5C73C72D4F4C3E004EA780 /* XCRemoteSwiftPackageReference "SwiftSoup" */;
			productName = SwiftSoup;
		};
		8BD057822D5101D5009E92B8 /* Proc */ = {
			isa = XCSwiftPackageProductDependency;
			package = 8BD057812D5101D5009E92B8 /* XCRemoteSwiftPackageReference "libproc-swift" */;
			productName = Proc;
		};
		8BD057842D5101D5009E92B8 /* ProcUtils */ = {
			isa = XCSwiftPackageProductDependency;
			package = 8BD057812D5101D5009E92B8 /* XCRemoteSwiftPackageReference "libproc-swift" */;
			productName = ProcUtils;
		};
/* End XCSwiftPackageProductDependency section */
	};
	rootObject = 8BCBF26A2D291E70009116F4 /* Project object */;
}
